
Microsoft Visual Studio Solution File, Format Version 12.00
# Visual Studio 15
VisualStudioVersion = 15.0.28010.2048
MinimumVisualStudioVersion = 10.0.40219.1
Project("{FAE04EC0-301F-11D3-BF4B-00C04F79EFBC}") = "PROGRAMA_DE_VIDA_E_MINISTERIO_MACHAVA_15_PT", "PROGRAMA_DE_VIDA_E_MINISTERIO_MACHAVA_15_PT\PROGRAMA_DE_VIDA_E_MINISTERIO_MACHAVA_15_PT.csproj", "{0B38C794-393D-4F15-8FD2-0CA3288C70E8}"
EndProject
Global
	GlobalSection(SolutionConfigurationPlatforms) = preSolution
		Debug|Any CPU = Debug|Any CPU
		Release|Any CPU = Release|Any CPU
	EndGlobalSection
	GlobalSection(ProjectConfigurationPlatforms) = postSolution
		{0B38C794-393D-4F15-8FD2-0CA3288C70E8}.Debug|Any CPU.ActiveCfg = Debug|Any CPU
		{0B38C794-393D-4F15-8FD2-0CA3288C70E8}.Debug|Any CPU.Build.0 = Debug|Any CPU
		{0B38C794-393D-4F15-8FD2-0CA3288C70E8}.Release|Any CPU.ActiveCfg = Release|Any CPU
		{0B38C794-393D-4F15-8FD2-0CA3288C70E8}.Release|Any CPU.Build.0 = Release|Any CPU
	EndGlobalSection
	GlobalSection(SolutionProperties) = preSolution
		HideSolutionNode = FALSE
	EndGlobalSection
	GlobalSection(ExtensibilityGlobals) = postSolution
		SolutionGuid = {E544CED2-BEA3-49F2-AFD3-52D7BE4C9DE7}
	EndGlobalSection
EndGlobal
